version = 1
revision = 3
requires-python = ">=3.12"

[[package]]
name = "python-nmap"
version = "0.7.1"
source = { registry = "https://pypi.org/simple" }
sdist = { url = "https://files.pythonhosted.org/packages/f7/1b/8e6b3d1461331e4e8600faf099e7c62ba3c1603987dafdd558681fb8ba37/python-nmap-0.7.1.tar.gz", hash = "sha256:f75af6b91dd8e3b0c31f869db32163f62ada686945e5b7c25f84bc0f7fad3b64", size = 44366, upload-time = "2021-10-26T18:40:26.488Z" }

[[package]]
name = "s1b3r4-scanner"
version = "2.0.0"
source = { virtual = "." }
dependencies = [
    { name = "python-nmap" },
]

[package.metadata]
requires-dist = [{ name = "python-nmap", specifier = ">=0.7.1" }]

[package.metadata.requires-dev]
dev = []
